
Microsoft Visual Studio Solution File, Format Version 12.00
# Visual Studio Version 16
VisualStudioVersion = 16.0.29920.165
MinimumVisualStudioVersion = 10.0.40219.1
Project("{9A19103F-16F7-4668-BE54-9A1E7A4F7556}") = "EpsServer", "EpsServer\EpsServer.csproj", "{EF9BF163-443D-4E6C-9AA0-EDE20F398CAD}"
EndProject
Project("{9A19103F-16F7-4668-BE54-9A1E7A4F7556}") = "Support", "..\EpsClient\Support\Support.csproj", "{123C33C8-BDF6-4A04-8EC4-5CA1E8DADDC8}"
EndProject
Project("{FAE04EC0-301F-11D3-BF4B-00C04F79EFBC}") = "Database", "Database\Database.csproj", "{19A994FC-B796-47D1-A2CC-9DE616DAC030}"
EndProject
Global
	GlobalSection(SolutionConfigurationPlatforms) = preSolution
		Debug|Any CPU = Debug|Any CPU
		Release|Any CPU = Release|Any CPU
	EndGlobalSection
	GlobalSection(ProjectConfigurationPlatforms) = postSolution
		{EF9BF163-443D-4E6C-9AA0-EDE20F398CAD}.Debug|Any CPU.ActiveCfg = Debug|Any CPU
		{EF9BF163-443D-4E6C-9AA0-EDE20F398CAD}.Debug|Any CPU.Build.0 = Debug|Any CPU
		{EF9BF163-443D-4E6C-9AA0-EDE20F398CAD}.Release|Any CPU.ActiveCfg = Release|Any CPU
		{EF9BF163-443D-4E6C-9AA0-EDE20F398CAD}.Release|Any CPU.Build.0 = Release|Any CPU
		{123C33C8-BDF6-4A04-8EC4-5CA1E8DADDC8}.Debug|Any CPU.ActiveCfg = Debug|Any CPU
		{123C33C8-BDF6-4A04-8EC4-5CA1E8DADDC8}.Debug|Any CPU.Build.0 = Debug|Any CPU
		{123C33C8-BDF6-4A04-8EC4-5CA1E8DADDC8}.Release|Any CPU.ActiveCfg = Release|Any CPU
		{123C33C8-BDF6-4A04-8EC4-5CA1E8DADDC8}.Release|Any CPU.Build.0 = Release|Any CPU
		{19A994FC-B796-47D1-A2CC-9DE616DAC030}.Debug|Any CPU.ActiveCfg = Debug|Any CPU
		{19A994FC-B796-47D1-A2CC-9DE616DAC030}.Debug|Any CPU.Build.0 = Debug|Any CPU
		{19A994FC-B796-47D1-A2CC-9DE616DAC030}.Release|Any CPU.ActiveCfg = Release|Any CPU
		{19A994FC-B796-47D1-A2CC-9DE616DAC030}.Release|Any CPU.Build.0 = Release|Any CPU
	EndGlobalSection
	GlobalSection(SolutionProperties) = preSolution
		HideSolutionNode = FALSE
	EndGlobalSection
	GlobalSection(ExtensibilityGlobals) = postSolution
		SolutionGuid = {B246490E-9076-4831-BD02-0D08CEDCE6BE}
	EndGlobalSection
EndGlobal
